
Microsoft Visual Studio Solution File, Format Version 12.00
# Visual Studio Version 17
VisualStudioVersion = 17.11.35327.3
MinimumVisualStudioVersion = 10.0.40219.1
Project("{FAE04EC0-301F-11D3-BF4B-00C04F79EFBC}") = "MyCoreApp", "MyCoreApp\MyCoreApp.csproj", "{5F273E17-22AB-42DA-9437-79E4FD052CDE}"
EndProject
Global
	GlobalSection(SolutionConfigurationPlatforms) = preSolution
		Debug|Any CPU = Debug|Any CPU
		Release|Any CPU = Release|Any CPU
	EndGlobalSection
	GlobalSection(ProjectConfigurationPlatforms) = postSolution
		{5F273E17-22AB-42DA-9437-79E4FD052CDE}.Debug|Any CPU.ActiveCfg = Debug|Any CPU
		{5F273E17-22AB-42DA-9437-79E4FD052CDE}.Debug|Any CPU.Build.0 = Debug|Any CPU
		{5F273E17-22AB-42DA-9437-79E4FD052CDE}.Release|Any CPU.ActiveCfg = Release|Any CPU
		{5F273E17-22AB-42DA-9437-79E4FD052CDE}.Release|Any CPU.Build.0 = Release|Any CPU
	EndGlobalSection
	GlobalSection(SolutionProperties) = preSolution
		HideSolutionNode = FALSE
	EndGlobalSection
	GlobalSection(ExtensibilityGlobals) = postSolution
		SolutionGuid = {5060EA73-F088-4FE3-890B-92E41C89FAFD}
	EndGlobalSection
EndGlobal
